
Microsoft Visual Studio Solution File, Format Version 12.00
# Visual Studio Version 16
VisualStudioVersion = 16.0.31911.196
MinimumVisualStudioVersion = 10.0.40219.1
Project("{FAE04EC0-301F-11D3-BF4B-00C04F79EFBC}") = "WeatherAppUWP", "WeatherAppUWP.csproj", "{7B88876E-B3E5-49AA-9235-1271EFCFB45E}"
EndProject
Global
	GlobalSection(SolutionConfigurationPlatforms) = preSolution
		Debug|ARM = Debug|ARM
		Debug|ARM64 = Debug|ARM64
		Debug|x64 = Debug|x64
		Debug|x86 = Debug|x86
		Release|ARM = Release|ARM
		Release|ARM64 = Release|ARM64
		Release|x64 = Release|x64
		Release|x86 = Release|x86
	EndGlobalSection
	GlobalSection(ProjectConfigurationPlatforms) = postSolution
		{7B88876E-B3E5-49AA-9235-1271EFCFB45E}.Debug|ARM.ActiveCfg = Debug|ARM
		{7B88876E-B3E5-49AA-9235-1271EFCFB45E}.Debug|ARM.Build.0 = Debug|ARM
		{7B88876E-B3E5-49AA-9235-1271EFCFB45E}.Debug|ARM.Deploy.0 = Debug|ARM
		{7B88876E-B3E5-49AA-9235-1271EFCFB45E}.Debug|ARM64.ActiveCfg = Debug|ARM64
		{7B88876E-B3E5-49AA-9235-1271EFCFB45E}.Debug|ARM64.Build.0 = Debug|ARM64
		{7B88876E-B3E5-49AA-9235-1271EFCFB45E}.Debug|ARM64.Deploy.0 = Debug|ARM64
		{7B88876E-B3E5-49AA-9235-1271EFCFB45E}.Debug|x64.ActiveCfg = Debug|x64
		{7B88876E-B3E5-49AA-9235-1271EFCFB45E}.Debug|x64.Build.0 = Debug|x64
		{7B88876E-B3E5-49AA-9235-1271EFCFB45E}.Debug|x64.Deploy.0 = Debug|x64
		{7B88876E-B3E5-49AA-9235-1271EFCFB45E}.Debug|x86.ActiveCfg = Debug|x86
		{7B88876E-B3E5-49AA-9235-1271EFCFB45E}.Debug|x86.Build.0 = Debug|x86
		{7B88876E-B3E5-49AA-9235-1271EFCFB45E}.Debug|x86.Deploy.0 = Debug|x86
		{7B88876E-B3E5-49AA-9235-1271EFCFB45E}.Release|ARM.ActiveCfg = Release|ARM
		{7B88876E-B3E5-49AA-9235-1271EFCFB45E}.Release|ARM.Build.0 = Release|ARM
		{7B88876E-B3E5-49AA-9235-1271EFCFB45E}.Release|ARM.Deploy.0 = Release|ARM
		{7B88876E-B3E5-49AA-9235-1271EFCFB45E}.Release|ARM64.ActiveCfg = Release|ARM64
		{7B88876E-B3E5-49AA-9235-1271EFCFB45E}.Release|ARM64.Build.0 = Release|ARM64
		{7B88876E-B3E5-49AA-9235-1271EFCFB45E}.Release|ARM64.Deploy.0 = Release|ARM64
		{7B88876E-B3E5-49AA-9235-1271EFCFB45E}.Release|x64.ActiveCfg = Release|x64
		{7B88876E-B3E5-49AA-9235-1271EFCFB45E}.Release|x64.Build.0 = Release|x64
		{7B88876E-B3E5-49AA-9235-1271EFCFB45E}.Release|x64.Deploy.0 = Release|x64
		{7B88876E-B3E5-49AA-9235-1271EFCFB45E}.Release|x86.ActiveCfg = Release|x86
		{7B88876E-B3E5-49AA-9235-1271EFCFB45E}.Release|x86.Build.0 = Release|x86
		{7B88876E-B3E5-49AA-9235-1271EFCFB45E}.Release|x86.Deploy.0 = Release|x86
	EndGlobalSection
	GlobalSection(SolutionProperties) = preSolution
		HideSolutionNode = FALSE
	EndGlobalSection
	GlobalSection(ExtensibilityGlobals) = postSolution
		SolutionGuid = {E725C4DF-E5DA-4A4B-B6FF-7ADED6F2BC8B}
	EndGlobalSection
EndGlobal
